# gnomod.lock, generated by gnopm. Do not hand-edit.
#
# One entry per resolvable module path. `source` says where that version's
# code actually is: `dir` for the copy in the working tree, `commit`+`dir`
# for a version that now exists only in this repository's git history.
# `gnopm sync` materializes the latter under .gnopm/.

lock = 1

[[module]]
module = "gno.land/p/moul/addrset/v0"
source = { commit = "3d07a5b2cc02d7c3769caff0c17d884ac033bcfe", dir = "p/moul/addrset/v0" }
hash = "h1:07wEsByJzpVIwdNIFjFHsdnI24F8BxvL0OvgObkpU5s="

[[module]]
module = "gno.land/p/moul/addrset/v1"
source = { dir = "p/moul/addrset" }

[[module]]
module = "gno.land/p/moul/authz/v0"
source = { commit = "3d07a5b2cc02d7c3769caff0c17d884ac033bcfe", dir = "p/moul/authz/v0" }
hash = "h1:xy1Bxzf36UskxiCm9Dt3KKVm+c9y6K2xaKDEGxwOP3M="

[[module]]
module = "gno.land/p/moul/authz/v1"
source = { dir = "p/moul/authz" }

[[module]]
module = "gno.land/p/moul/collection/v0"
source = { dir = "p/moul/collection" }

[[module]]
module = "gno.land/p/moul/cow/v0"
source = { dir = "p/moul/cow" }

[[module]]
module = "gno.land/p/moul/debug/v0"
source = { dir = "p/moul/debug" }

[[module]]
module = "gno.land/p/moul/deque/v0"
source = { dir = "p/moul/deque" }

[[module]]
module = "gno.land/p/moul/dynreplacer/v0"
source = { dir = "p/moul/dynreplacer" }

[[module]]
module = "gno.land/p/moul/entity/v0"
source = { dir = "p/moul/entity" }

[[module]]
module = "gno.land/p/moul/entropy/v0"
source = { dir = "p/moul/entropy" }

[[module]]
module = "gno.land/p/moul/errs/v0"
source = { dir = "p/moul/errs" }

[[module]]
module = "gno.land/p/moul/fifo/v0"
source = { dir = "p/moul/fifo" }

[[module]]
module = "gno.land/p/moul/fp/v0"
source = { dir = "p/moul/fp" }

[[module]]
module = "gno.land/p/moul/greet/v0"
source = { dir = "p/moul/greet" }

[[module]]
module = "gno.land/p/moul/helplink/v0"
source = { dir = "p/moul/helplink" }

[[module]]
module = "gno.land/p/moul/md/v0"
source = { dir = "p/moul/md" }

[[module]]
module = "gno.land/p/moul/mdlist/v0"
source = { dir = "p/moul/mdlist" }

[[module]]
module = "gno.land/p/moul/mdtable/v0"
source = { dir = "p/moul/mdtable" }

[[module]]
module = "gno.land/p/moul/memo/v0"
source = { dir = "p/moul/memo" }

[[module]]
module = "gno.land/p/moul/nestedpkg/v0"
source = { dir = "p/moul/nestedpkg" }

[[module]]
module = "gno.land/p/moul/once/v0"
source = { dir = "p/moul/once" }

[[module]]
module = "gno.land/p/moul/ownable/v0"
source = { dir = "p/moul/ownable" }

[[module]]
module = "gno.land/p/moul/pageable/v0"
source = { dir = "p/moul/pageable" }

[[module]]
module = "gno.land/p/moul/printfdebugging/v0"
source = { dir = "p/moul/printfdebugging" }

[[module]]
module = "gno.land/p/moul/realmpath/v0"
source = { dir = "p/moul/realmpath" }

[[module]]
module = "gno.land/p/moul/safe/v0"
source = { dir = "p/moul/safe" }

[[module]]
module = "gno.land/p/moul/svg/v0"
source = { dir = "p/moul/svg" }

[[module]]
module = "gno.land/p/moul/template/v0"
source = { dir = "p/moul/template" }

[[module]]
module = "gno.land/p/moul/txlink/v0"
source = { dir = "p/moul/txlink" }

[[module]]
module = "gno.land/p/moul/typeutil/v0"
source = { dir = "p/moul/typeutil" }

[[module]]
module = "gno.land/p/moul/udao/v0"
source = { dir = "p/moul/udao" }

[[module]]
module = "gno.land/p/moul/ulist/lplist/v0"
source = { dir = "p/moul/ulist/lplist" }

[[module]]
module = "gno.land/p/moul/ulist/v0"
source = { dir = "p/moul/ulist" }

[[module]]
module = "gno.land/p/moul/web25/v0"
source = { dir = "p/moul/web25" }

[[module]]
module = "gno.land/p/moul/x/daily/b58/v0"
source = { dir = "p/moul/x/daily/b58" }

[[module]]
module = "gno.land/p/moul/x/daily/base32/v0"
source = { dir = "p/moul/x/daily/base32" }

[[module]]
module = "gno.land/p/moul/x/daily/bidimap/v0"
source = { dir = "p/moul/x/daily/bidimap" }

[[module]]
module = "gno.land/p/moul/x/daily/bitset/v0"
source = { dir = "p/moul/x/daily/bitset" }

[[module]]
module = "gno.land/p/moul/x/daily/cliffvesting/v0"
source = { dir = "p/moul/x/daily/cliffvesting" }

[[module]]
module = "gno.land/p/moul/x/daily/commitreveal/v0"
source = { dir = "p/moul/x/daily/commitreveal" }

[[module]]
module = "gno.land/p/moul/x/daily/countminsketch/v0"
source = { dir = "p/moul/x/daily/countminsketch" }

[[module]]
module = "gno.land/p/moul/x/daily/cowsay/v0"
source = { dir = "p/moul/x/daily/cowsay" }

[[module]]
module = "gno.land/p/moul/x/daily/crc32/v0"
source = { dir = "p/moul/x/daily/crc32" }

[[module]]
module = "gno.land/p/moul/x/daily/disjointset/v0"
source = { dir = "p/moul/x/daily/disjointset" }

[[module]]
module = "gno.land/p/moul/x/daily/flatmap/v0"
source = { dir = "p/moul/x/daily/flatmap" }

[[module]]
module = "gno.land/p/moul/x/daily/fraction/v0"
source = { dir = "p/moul/x/daily/fraction" }

[[module]]
module = "gno.land/p/moul/x/daily/heap/v0"
source = { dir = "p/moul/x/daily/heap" }

[[module]]
module = "gno.land/p/moul/x/daily/hexdump/v0"
source = { dir = "p/moul/x/daily/hexdump" }

[[module]]
module = "gno.land/p/moul/x/daily/humanize/v0"
source = { dir = "p/moul/x/daily/humanize" }

[[module]]
module = "gno.land/p/moul/x/daily/kmp/v0"
source = { dir = "p/moul/x/daily/kmp" }

[[module]]
module = "gno.land/p/moul/x/daily/levenshtein/v0"
source = { dir = "p/moul/x/daily/levenshtein" }

[[module]]
module = "gno.land/p/moul/x/daily/luhn/v0"
source = { dir = "p/moul/x/daily/luhn" }

[[module]]
module = "gno.land/p/moul/x/daily/markov/v0"
source = { dir = "p/moul/x/daily/markov" }

[[module]]
module = "gno.land/p/moul/x/daily/multiset/v0"
source = { dir = "p/moul/x/daily/multiset" }

[[module]]
module = "gno.land/p/moul/x/daily/orderedmap/v0"
source = { dir = "p/moul/x/daily/orderedmap" }

[[module]]
module = "gno.land/p/moul/x/daily/piglatin/v0"
source = { dir = "p/moul/x/daily/piglatin" }

[[module]]
module = "gno.land/p/moul/x/daily/pullpayment/v0"
source = { dir = "p/moul/x/daily/pullpayment" }

[[module]]
module = "gno.land/p/moul/x/daily/ratelimit/v0"
source = { dir = "p/moul/x/daily/ratelimit" }

[[module]]
module = "gno.land/p/moul/x/daily/ringbuffer/v0"
source = { dir = "p/moul/x/daily/ringbuffer" }

[[module]]
module = "gno.land/p/moul/x/daily/rle/v0"
source = { dir = "p/moul/x/daily/rle" }

[[module]]
module = "gno.land/p/moul/x/daily/romannum/v0"
source = { dir = "p/moul/x/daily/romannum" }

[[module]]
module = "gno.land/p/moul/x/daily/rot13/v0"
source = { dir = "p/moul/x/daily/rot13" }

[[module]]
module = "gno.land/p/moul/x/daily/semver/v0"
source = { dir = "p/moul/x/daily/semver" }

[[module]]
module = "gno.land/p/moul/x/daily/sieve/v0"
source = { dir = "p/moul/x/daily/sieve" }

[[module]]
module = "gno.land/p/moul/x/daily/soundex/v0"
source = { dir = "p/moul/x/daily/soundex" }

[[module]]
module = "gno.land/p/moul/x/daily/sparkline/v0"
source = { dir = "p/moul/x/daily/sparkline" }

[[module]]
module = "gno.land/p/moul/x/daily/toposort/v0"
source = { dir = "p/moul/x/daily/toposort" }

[[module]]
module = "gno.land/p/moul/x/daily/trie/v0"
source = { dir = "p/moul/x/daily/trie" }

[[module]]
module = "gno.land/p/moul/x/wiki/v0"
source = { dir = "p/moul/x/wiki" }

[[module]]
module = "gno.land/p/moul/xdao/v0"
source = { dir = "p/moul/xdao" }

[[module]]
module = "gno.land/p/moul/xmath/v0"
source = { dir = "p/moul/xmath" }

[[module]]
module = "gno.land/r/moul/config/v0"
source = { dir = "r/moul/config" }

[[module]]
module = "gno.land/r/moul/demo/args/v0"
source = { dir = "r/moul/demo/args" }

[[module]]
module = "gno.land/r/moul/demo/data/v0"
source = { dir = "r/moul/demo/data" }

[[module]]
module = "gno.land/r/moul/demo/gnoface/v0"
source = { dir = "r/moul/demo/gnoface" }

[[module]]
module = "gno.land/r/moul/demo/grc20/v0"
source = { dir = "r/moul/demo/grc20" }

[[module]]
module = "gno.land/r/moul/demo/hello/v0"
source = { dir = "r/moul/demo/hello" }

[[module]]
module = "gno.land/r/moul/demo/importdemo/v0"
source = { dir = "r/moul/demo/importdemo" }

[[module]]
module = "gno.land/r/moul/demo/microposts/v0"
source = { dir = "r/moul/demo/microposts" }

[[module]]
module = "gno.land/r/moul/demo/millipede/v0"
source = { dir = "r/moul/demo/millipede" }

[[module]]
module = "gno.land/r/moul/demo/render/v0"
source = { dir = "r/moul/demo/render" }

[[module]]
module = "gno.land/r/moul/demo/vault/v0"
source = { dir = "r/moul/demo/vault" }

[[module]]
module = "gno.land/r/moul/demo/wikicoin/v0"
source = { dir = "r/moul/demo/wikicoin" }

[[module]]
module = "gno.land/r/moul/gns/v0"
source = { dir = "r/moul/gns" }

[[module]]
module = "gno.land/r/moul/hello/v0"
source = { dir = "r/moul/hello" }

[[module]]
module = "gno.land/r/moul/home/v0"
source = { dir = "r/moul/home" }

[[module]]
module = "gno.land/r/moul/outfmt/v0"
source = { dir = "r/moul/outfmt" }

[[module]]
module = "gno.land/r/moul/present/v0"
source = { dir = "r/moul/present" }

[[module]]
module = "gno.land/r/moul/sapin/v0"
source = { dir = "r/moul/sapin" }

[[module]]
module = "gno.land/r/moul/x/daily/asciiart/v0"
source = { dir = "r/moul/x/daily/asciiart" }

[[module]]
module = "gno.land/r/moul/x/daily/b58demo/v0"
source = { dir = "r/moul/x/daily/b58demo" }

[[module]]
module = "gno.land/r/moul/x/daily/ballot/v0"
source = { dir = "r/moul/x/daily/ballot" }

[[module]]
module = "gno.land/r/moul/x/daily/base32demo/v0"
source = { dir = "r/moul/x/daily/base32demo" }

[[module]]
module = "gno.land/r/moul/x/daily/bidimapdemo/v0"
source = { dir = "r/moul/x/daily/bidimapdemo" }

[[module]]
module = "gno.land/r/moul/x/daily/bitsetdemo/v0"
source = { dir = "r/moul/x/daily/bitsetdemo" }

[[module]]
module = "gno.land/r/moul/x/daily/blog/v0"
source = { dir = "r/moul/x/daily/blog" }

[[module]]
module = "gno.land/r/moul/x/daily/bloomfilter/v0"
source = { dir = "r/moul/x/daily/bloomfilter" }

[[module]]
module = "gno.land/r/moul/x/daily/bullscows/v0"
source = { dir = "r/moul/x/daily/bullscows" }

[[module]]
module = "gno.land/r/moul/x/daily/calc/v0"
source = { dir = "r/moul/x/daily/calc" }

[[module]]
module = "gno.land/r/moul/x/daily/cliffvestingdemo/v0"
source = { dir = "r/moul/x/daily/cliffvestingdemo" }

[[module]]
module = "gno.land/r/moul/x/daily/closestguess/v0"
source = { dir = "r/moul/x/daily/closestguess" }

[[module]]
module = "gno.land/r/moul/x/daily/coinflipduel/v0"
source = { dir = "r/moul/x/daily/coinflipduel" }

[[module]]
module = "gno.land/r/moul/x/daily/collatz/v0"
source = { dir = "r/moul/x/daily/collatz" }

[[module]]
module = "gno.land/r/moul/x/daily/commitrevealdemo/v0"
source = { dir = "r/moul/x/daily/commitrevealdemo" }

[[module]]
module = "gno.land/r/moul/x/daily/connect4/v0"
source = { dir = "r/moul/x/daily/connect4" }

[[module]]
module = "gno.land/r/moul/x/daily/counter/v0"
source = { dir = "r/moul/x/daily/counter" }

[[module]]
module = "gno.land/r/moul/x/daily/countminsketchdemo/v0"
source = { dir = "r/moul/x/daily/countminsketchdemo" }

[[module]]
module = "gno.land/r/moul/x/daily/cowsaydemo/v0"
source = { dir = "r/moul/x/daily/cowsaydemo" }

[[module]]
module = "gno.land/r/moul/x/daily/crc32demo/v0"
source = { dir = "r/moul/x/daily/crc32demo" }

[[module]]
module = "gno.land/r/moul/x/daily/crowdfund/v0"
source = { dir = "r/moul/x/daily/crowdfund" }

[[module]]
module = "gno.land/r/moul/x/daily/dice/v0"
source = { dir = "r/moul/x/daily/dice" }

[[module]]
module = "gno.land/r/moul/x/daily/disjointsetdemo/v0"
source = { dir = "r/moul/x/daily/disjointsetdemo" }

[[module]]
module = "gno.land/r/moul/x/daily/dutchauction/v0"
source = { dir = "r/moul/x/daily/dutchauction" }

[[module]]
module = "gno.land/r/moul/x/daily/eggling/v0"
source = { dir = "r/moul/x/daily/eggling" }

[[module]]
module = "gno.land/r/moul/x/daily/eightball/v0"
source = { dir = "r/moul/x/daily/eightball" }

[[module]]
module = "gno.land/r/moul/x/daily/englishauction/v0"
source = { dir = "r/moul/x/daily/englishauction" }

[[module]]
module = "gno.land/r/moul/x/daily/erc1155/v0"
source = { dir = "r/moul/x/daily/erc1155" }

[[module]]
module = "gno.land/r/moul/x/daily/erc20/v0"
source = { dir = "r/moul/x/daily/erc20" }

[[module]]
module = "gno.land/r/moul/x/daily/erc721/v0"
source = { dir = "r/moul/x/daily/erc721" }

[[module]]
module = "gno.land/r/moul/x/daily/escrow/v0"
source = { dir = "r/moul/x/daily/escrow" }

[[module]]
module = "gno.land/r/moul/x/daily/faucet/v0"
source = { dir = "r/moul/x/daily/faucet" }

[[module]]
module = "gno.land/r/moul/x/daily/flatmapdemo/v0"
source = { dir = "r/moul/x/daily/flatmapdemo" }

[[module]]
module = "gno.land/r/moul/x/daily/fractiondemo/v0"
source = { dir = "r/moul/x/daily/fractiondemo" }

[[module]]
module = "gno.land/r/moul/x/daily/governor/v0"
source = { dir = "r/moul/x/daily/governor" }

[[module]]
module = "gno.land/r/moul/x/daily/guestbook/v0"
source = { dir = "r/moul/x/daily/guestbook" }

[[module]]
module = "gno.land/r/moul/x/daily/handles/v0"
source = { dir = "r/moul/x/daily/handles" }

[[module]]
module = "gno.land/r/moul/x/daily/hangman/v0"
source = { dir = "r/moul/x/daily/hangman" }

[[module]]
module = "gno.land/r/moul/x/daily/heapdemo/v0"
source = { dir = "r/moul/x/daily/heapdemo" }

[[module]]
module = "gno.land/r/moul/x/daily/hexdumpdemo/v0"
source = { dir = "r/moul/x/daily/hexdumpdemo" }

[[module]]
module = "gno.land/r/moul/x/daily/humanizedemo/v0"
source = { dir = "r/moul/x/daily/humanizedemo" }

[[module]]
module = "gno.land/r/moul/x/daily/kingofdice/v0"
source = { dir = "r/moul/x/daily/kingofdice" }

[[module]]
module = "gno.land/r/moul/x/daily/kmpdemo/v0"
source = { dir = "r/moul/x/daily/kmpdemo" }

[[module]]
module = "gno.land/r/moul/x/daily/kudos/v0"
source = { dir = "r/moul/x/daily/kudos" }

[[module]]
module = "gno.land/r/moul/x/daily/leaderboard/v0"
source = { dir = "r/moul/x/daily/leaderboard" }

[[module]]
module = "gno.land/r/moul/x/daily/levenshteindemo/v0"
source = { dir = "r/moul/x/daily/levenshteindemo" }

[[module]]
module = "gno.land/r/moul/x/daily/life/v0"
source = { dir = "r/moul/x/daily/life" }

[[module]]
module = "gno.land/r/moul/x/daily/linktree/v0"
source = { dir = "r/moul/x/daily/linktree" }

[[module]]
module = "gno.land/r/moul/x/daily/lottery/v0"
source = { dir = "r/moul/x/daily/lottery" }

[[module]]
module = "gno.land/r/moul/x/daily/lru/v0"
source = { dir = "r/moul/x/daily/lru" }

[[module]]
module = "gno.land/r/moul/x/daily/luhndemo/v0"
source = { dir = "r/moul/x/daily/luhndemo" }

[[module]]
module = "gno.land/r/moul/x/daily/markovdemo/v0"
source = { dir = "r/moul/x/daily/markovdemo" }

[[module]]
module = "gno.land/r/moul/x/daily/memory/v0"
source = { dir = "r/moul/x/daily/memory" }

[[module]]
module = "gno.land/r/moul/x/daily/merkledrop/v0"
source = { dir = "r/moul/x/daily/merkledrop" }

[[module]]
module = "gno.land/r/moul/x/daily/microblog/v0"
source = { dir = "r/moul/x/daily/microblog" }

[[module]]
module = "gno.land/r/moul/x/daily/moodstone/v0"
source = { dir = "r/moul/x/daily/moodstone" }

[[module]]
module = "gno.land/r/moul/x/daily/multisetdemo/v0"
source = { dir = "r/moul/x/daily/multisetdemo" }

[[module]]
module = "gno.land/r/moul/x/daily/multisig/v0"
source = { dir = "r/moul/x/daily/multisig" }

[[module]]
module = "gno.land/r/moul/x/daily/numguess/v0"
source = { dir = "r/moul/x/daily/numguess" }

[[module]]
module = "gno.land/r/moul/x/daily/orderedmapdemo/v0"
source = { dir = "r/moul/x/daily/orderedmapdemo" }

[[module]]
module = "gno.land/r/moul/x/daily/piglatindemo/v0"
source = { dir = "r/moul/x/daily/piglatindemo" }

[[module]]
module = "gno.land/r/moul/x/daily/pixelcanvas/v0"
source = { dir = "r/moul/x/daily/pixelcanvas" }

[[module]]
module = "gno.land/r/moul/x/daily/polls/v0"
source = { dir = "r/moul/x/daily/polls" }

[[module]]
module = "gno.land/r/moul/x/daily/pullpaymentdemo/v0"
source = { dir = "r/moul/x/daily/pullpaymentdemo" }

[[module]]
module = "gno.land/r/moul/x/daily/quizstreak/v0"
source = { dir = "r/moul/x/daily/quizstreak" }

[[module]]
module = "gno.land/r/moul/x/daily/quotes/v0"
source = { dir = "r/moul/x/daily/quotes" }

[[module]]
module = "gno.land/r/moul/x/daily/qvote/v0"
source = { dir = "r/moul/x/daily/qvote" }

[[module]]
module = "gno.land/r/moul/x/daily/ratelimitdemo/v0"
source = { dir = "r/moul/x/daily/ratelimitdemo" }

[[module]]
module = "gno.land/r/moul/x/daily/reactions/v0"
source = { dir = "r/moul/x/daily/reactions" }

[[module]]
module = "gno.land/r/moul/x/daily/ringbufferdemo/v0"
source = { dir = "r/moul/x/daily/ringbufferdemo" }

[[module]]
module = "gno.land/r/moul/x/daily/ringlog/v0"
source = { dir = "r/moul/x/daily/ringlog" }

[[module]]
module = "gno.land/r/moul/x/daily/rledemo/v0"
source = { dir = "r/moul/x/daily/rledemo" }

[[module]]
module = "gno.land/r/moul/x/daily/romannumdemo/v0"
source = { dir = "r/moul/x/daily/romannumdemo" }

[[module]]
module = "gno.land/r/moul/x/daily/rot13demo/v0"
source = { dir = "r/moul/x/daily/rot13demo" }

[[module]]
module = "gno.land/r/moul/x/daily/rpgroom/v0"
source = { dir = "r/moul/x/daily/rpgroom" }

[[module]]
module = "gno.land/r/moul/x/daily/rps/v0"
source = { dir = "r/moul/x/daily/rps" }

[[module]]
module = "gno.land/r/moul/x/daily/rpsduel/v0"
source = { dir = "r/moul/x/daily/rpsduel" }

[[module]]
module = "gno.land/r/moul/x/daily/rpsmatch/v0"
source = { dir = "r/moul/x/daily/rpsmatch" }

[[module]]
module = "gno.land/r/moul/x/daily/rpsoracle/v0"
source = { dir = "r/moul/x/daily/rpsoracle" }

[[module]]
module = "gno.land/r/moul/x/daily/semverdemo/v0"
source = { dir = "r/moul/x/daily/semverdemo" }

[[module]]
module = "gno.land/r/moul/x/daily/sievedemo/v0"
source = { dir = "r/moul/x/daily/sievedemo" }

[[module]]
module = "gno.land/r/moul/x/daily/soundexdemo/v0"
source = { dir = "r/moul/x/daily/soundexdemo" }

[[module]]
module = "gno.land/r/moul/x/daily/sparklinedemo/v0"
source = { dir = "r/moul/x/daily/sparklinedemo" }

[[module]]
module = "gno.land/r/moul/x/daily/splitter/v0"
source = { dir = "r/moul/x/daily/splitter" }

[[module]]
module = "gno.land/r/moul/x/daily/stack/v0"
source = { dir = "r/moul/x/daily/stack" }

[[module]]
module = "gno.land/r/moul/x/daily/staking/v0"
source = { dir = "r/moul/x/daily/staking" }

[[module]]
module = "gno.land/r/moul/x/daily/streak/v0"
source = { dir = "r/moul/x/daily/streak" }

[[module]]
module = "gno.land/r/moul/x/daily/streaks/v0"
source = { dir = "r/moul/x/daily/streaks" }

[[module]]
module = "gno.land/r/moul/x/daily/tamagotchi/v0"
source = { dir = "r/moul/x/daily/tamagotchi" }

[[module]]
module = "gno.land/r/moul/x/daily/tictactoe/v0"
source = { dir = "r/moul/x/daily/tictactoe" }

[[module]]
module = "gno.land/r/moul/x/daily/timecapsule/v0"
source = { dir = "r/moul/x/daily/timecapsule" }

[[module]]
module = "gno.land/r/moul/x/daily/timelock/v0"
source = { dir = "r/moul/x/daily/timelock" }

[[module]]
module = "gno.land/r/moul/x/daily/tipjar/v0"
source = { dir = "r/moul/x/daily/tipjar" }

[[module]]
module = "gno.land/r/moul/x/daily/todos/v0"
source = { dir = "r/moul/x/daily/todos" }

[[module]]
module = "gno.land/r/moul/x/daily/toposortdemo/v0"
source = { dir = "r/moul/x/daily/toposortdemo" }

[[module]]
module = "gno.land/r/moul/x/daily/triedemo/v0"
source = { dir = "r/moul/x/daily/triedemo" }

[[module]]
module = "gno.land/r/moul/x/daily/trivia/v0"
source = { dir = "r/moul/x/daily/trivia" }

[[module]]
module = "gno.land/r/moul/x/daily/urlshort/v0"
source = { dir = "r/moul/x/daily/urlshort" }

[[module]]
module = "gno.land/r/moul/x/daily/vault/v0"
source = { dir = "r/moul/x/daily/vault" }

[[module]]
module = "gno.land/r/moul/x/daily/vestoken/v0"
source = { dir = "r/moul/x/daily/vestoken" }

[[module]]
module = "gno.land/r/moul/x/daily/wordle/v0"
source = { dir = "r/moul/x/daily/wordle" }

[[module]]
module = "gno.land/r/moul/x/daily/wrapped/v0"
source = { dir = "r/moul/x/daily/wrapped" }

[[module]]
module = "gno.land/r/moul/x/wiki/v0"
source = { dir = "r/moul/x/wiki" }
