# gnomod.lock, generated by gnopm. Do not hand-edit.
#
# One entry per resolvable module path. `source` says where that version's
# code actually is: `dir` for the copy in the working tree, `commit`+`dir`
# for a version that now exists only in this repository's git history.
# `gnopm sync` materializes the latter under .gnopm/.

lock = 1

[[module]]
module = "gno.land/p/moul/addrset/v0"
source = { commit = "3d07a5b2cc02d7c3769caff0c17d884ac033bcfe", dir = "p/moul/addrset/v0" }
hash = "h1:07wEsByJzpVIwdNIFjFHsdnI24F8BxvL0OvgObkpU5s="

[[module]]
module = "gno.land/p/moul/addrset/v1"
source = { dir = "p/moul/addrset" }

[[module]]
module = "gno.land/p/moul/authz/v0"
source = { commit = "3d07a5b2cc02d7c3769caff0c17d884ac033bcfe", dir = "p/moul/authz/v0" }
hash = "h1:xy1Bxzf36UskxiCm9Dt3KKVm+c9y6K2xaKDEGxwOP3M="

[[module]]
module = "gno.land/p/moul/authz/v1"
source = { dir = "p/moul/authz" }

[[module]]
module = "gno.land/p/moul/collection/v0"
source = { dir = "p/moul/collection" }

[[module]]
module = "gno.land/p/moul/cow/v0"
source = { dir = "p/moul/cow" }

[[module]]
module = "gno.land/p/moul/debug/v0"
source = { dir = "p/moul/debug" }

[[module]]
module = "gno.land/p/moul/deque/v0"
source = { dir = "p/moul/deque" }

[[module]]
module = "gno.land/p/moul/dynreplacer/v0"
source = { dir = "p/moul/dynreplacer" }

[[module]]
module = "gno.land/p/moul/entity/v0"
source = { dir = "p/moul/entity" }

[[module]]
module = "gno.land/p/moul/entropy/v0"
source = { dir = "p/moul/entropy" }

[[module]]
module = "gno.land/p/moul/errs/v0"
source = { dir = "p/moul/errs" }

[[module]]
module = "gno.land/p/moul/fifo/v0"
source = { dir = "p/moul/fifo" }

[[module]]
module = "gno.land/p/moul/forge/v0"
source = { dir = "p/moul/forge" }

[[module]]
module = "gno.land/p/moul/fp/v0"
source = { dir = "p/moul/fp" }

[[module]]
module = "gno.land/p/moul/grants/v0"
source = { dir = "p/moul/grants" }

[[module]]
module = "gno.land/p/moul/greet/v0"
source = { dir = "p/moul/greet" }

[[module]]
module = "gno.land/p/moul/helplink/v0"
source = { dir = "p/moul/helplink" }

[[module]]
module = "gno.land/p/moul/kit/store/v0"
source = { dir = "p/moul/kit/store" }

[[module]]
module = "gno.land/p/moul/kit/ui/v0"
source = { dir = "p/moul/kit/ui" }

[[module]]
module = "gno.land/p/moul/md/v0"
source = { dir = "p/moul/md" }

[[module]]
module = "gno.land/p/moul/mdlist/v0"
source = { dir = "p/moul/mdlist" }

[[module]]
module = "gno.land/p/moul/mdtable/v0"
source = { dir = "p/moul/mdtable" }

[[module]]
module = "gno.land/p/moul/memo/v0"
source = { dir = "p/moul/memo" }

[[module]]
module = "gno.land/p/moul/mygnoscan/v0"
source = { dir = "p/moul/mygnoscan" }

[[module]]
module = "gno.land/p/moul/nestedpkg/v0"
source = { dir = "p/moul/nestedpkg" }

[[module]]
module = "gno.land/p/moul/once/v0"
source = { dir = "p/moul/once" }

[[module]]
module = "gno.land/p/moul/ownable/v0"
source = { dir = "p/moul/ownable" }

[[module]]
module = "gno.land/p/moul/pageable/v0"
source = { dir = "p/moul/pageable" }

[[module]]
module = "gno.land/p/moul/pausable/v0"
source = { dir = "p/moul/pausable" }

[[module]]
module = "gno.land/p/moul/printfdebugging/v0"
source = { dir = "p/moul/printfdebugging" }

[[module]]
module = "gno.land/p/moul/realmpath/v0"
source = { dir = "p/moul/realmpath" }

[[module]]
module = "gno.land/p/moul/safe/v0"
source = { dir = "p/moul/safe" }

[[module]]
module = "gno.land/p/moul/svg/v0"
source = { dir = "p/moul/svg" }

[[module]]
module = "gno.land/p/moul/template/v0"
source = { dir = "p/moul/template" }

[[module]]
module = "gno.land/p/moul/txlink/v0"
source = { dir = "p/moul/txlink" }

[[module]]
module = "gno.land/p/moul/typeutil/v0"
source = { dir = "p/moul/typeutil" }

[[module]]
module = "gno.land/p/moul/udao/v0"
source = { dir = "p/moul/udao" }

[[module]]
module = "gno.land/p/moul/ulist/lplist/v0"
source = { dir = "p/moul/ulist/lplist" }

[[module]]
module = "gno.land/p/moul/ulist/v0"
source = { commit = "f6d0693f5161db423c042a4fe7c78057593cff80", dir = "p/moul/ulist" }
hash = "h1:kFOZ7r9kTntk29On36HzopI+PlNwGQs7LUB3xl4zaek="

[[module]]
module = "gno.land/p/moul/ulist/v1"
source = { dir = "p/moul/ulist" }

[[module]]
module = "gno.land/p/moul/web25/v0"
source = { dir = "p/moul/web25" }

[[module]]
module = "gno.land/p/moul/x/daily/b58/v0"
source = { dir = "p/moul/x/daily/b58" }

[[module]]
module = "gno.land/p/moul/x/daily/base32/v0"
source = { dir = "p/moul/x/daily/base32" }

[[module]]
module = "gno.land/p/moul/x/daily/bidimap/v0"
source = { dir = "p/moul/x/daily/bidimap" }

[[module]]
module = "gno.land/p/moul/x/daily/bitset/v0"
source = { dir = "p/moul/x/daily/bitset" }

[[module]]
module = "gno.land/p/moul/x/daily/cliffvesting/v0"
source = { dir = "p/moul/x/daily/cliffvesting" }

[[module]]
module = "gno.land/p/moul/x/daily/commitreveal/v0"
source = { dir = "p/moul/x/daily/commitreveal" }

[[module]]
module = "gno.land/p/moul/x/daily/countminsketch/v0"
source = { dir = "p/moul/x/daily/countminsketch" }

[[module]]
module = "gno.land/p/moul/x/daily/cowsay/v0"
source = { dir = "p/moul/x/daily/cowsay" }

[[module]]
module = "gno.land/p/moul/x/daily/crc32/v0"
source = { dir = "p/moul/x/daily/crc32" }

[[module]]
module = "gno.land/p/moul/x/daily/disjointset/v0"
source = { dir = "p/moul/x/daily/disjointset" }

[[module]]
module = "gno.land/p/moul/x/daily/flatmap/v0"
source = { dir = "p/moul/x/daily/flatmap" }

[[module]]
module = "gno.land/p/moul/x/daily/fraction/v0"
source = { dir = "p/moul/x/daily/fraction" }

[[module]]
module = "gno.land/p/moul/x/daily/heap/v0"
source = { dir = "p/moul/x/daily/heap" }

[[module]]
module = "gno.land/p/moul/x/daily/hexdump/v0"
source = { dir = "p/moul/x/daily/hexdump" }

[[module]]
module = "gno.land/p/moul/x/daily/humanize/v0"
source = { dir = "p/moul/x/daily/humanize" }

[[module]]
module = "gno.land/p/moul/x/daily/kmp/v0"
source = { dir = "p/moul/x/daily/kmp" }

[[module]]
module = "gno.land/p/moul/x/daily/levenshtein/v0"
source = { dir = "p/moul/x/daily/levenshtein" }

[[module]]
module = "gno.land/p/moul/x/daily/luhn/v0"
source = { dir = "p/moul/x/daily/luhn" }

[[module]]
module = "gno.land/p/moul/x/daily/markov/v0"
source = { dir = "p/moul/x/daily/markov" }

[[module]]
module = "gno.land/p/moul/x/daily/multiset/v0"
source = { dir = "p/moul/x/daily/multiset" }

[[module]]
module = "gno.land/p/moul/x/daily/orderedmap/v0"
source = { dir = "p/moul/x/daily/orderedmap" }

[[module]]
module = "gno.land/p/moul/x/daily/piglatin/v0"
source = { dir = "p/moul/x/daily/piglatin" }

[[module]]
module = "gno.land/p/moul/x/daily/pullpayment/v0"
source = { dir = "p/moul/x/daily/pullpayment" }

[[module]]
module = "gno.land/p/moul/x/daily/ratelimit/v0"
source = { dir = "p/moul/x/daily/ratelimit" }

[[module]]
module = "gno.land/p/moul/x/daily/ringbuffer/v0"
source = { dir = "p/moul/x/daily/ringbuffer" }

[[module]]
module = "gno.land/p/moul/x/daily/rle/v0"
source = { dir = "p/moul/x/daily/rle" }

[[module]]
module = "gno.land/p/moul/x/daily/romannum/v0"
source = { dir = "p/moul/x/daily/romannum" }

[[module]]
module = "gno.land/p/moul/x/daily/rot13/v0"
source = { dir = "p/moul/x/daily/rot13" }

[[module]]
module = "gno.land/p/moul/x/daily/semver/v0"
source = { dir = "p/moul/x/daily/semver" }

[[module]]
module = "gno.land/p/moul/x/daily/sieve/v0"
source = { dir = "p/moul/x/daily/sieve" }

[[module]]
module = "gno.land/p/moul/x/daily/soundex/v0"
source = { dir = "p/moul/x/daily/soundex" }

[[module]]
module = "gno.land/p/moul/x/daily/sparkline/v0"
source = { dir = "p/moul/x/daily/sparkline" }

[[module]]
module = "gno.land/p/moul/x/daily/toposort/v0"
source = { dir = "p/moul/x/daily/toposort" }

[[module]]
module = "gno.land/p/moul/x/daily/trie/v0"
source = { dir = "p/moul/x/daily/trie" }

[[module]]
module = "gno.land/p/moul/x/framelab/v0"
source = { dir = "p/moul/x/framelab" }

[[module]]
module = "gno.land/p/moul/x/games/clock/v0"
source = { dir = "p/moul/x/games/clock" }

[[module]]
module = "gno.land/p/moul/x/games/prorata/v0"
source = { dir = "p/moul/x/games/prorata" }

[[module]]
module = "gno.land/p/moul/x/grc20wrap/v0"
source = { dir = "p/moul/x/grc20wrap" }

[[module]]
module = "gno.land/p/moul/x/pair/v0"
source = { dir = "p/moul/x/pair" }

[[module]]
module = "gno.land/p/moul/x/plan9/memfs/v0"
source = { dir = "p/moul/x/plan9/memfs" }

[[module]]
module = "gno.land/p/moul/x/plan9/ninep/v0"
source = { dir = "p/moul/x/plan9/ninep" }

[[module]]
module = "gno.land/p/moul/x/plan9/ns/v0"
source = { dir = "p/moul/x/plan9/ns" }

[[module]]
module = "gno.land/p/moul/x/plan9/rc/v0"
source = { dir = "p/moul/x/plan9/rc" }

[[module]]
module = "gno.land/p/moul/x/plan9/synfs/v0"
source = { dir = "p/moul/x/plan9/synfs" }

[[module]]
module = "gno.land/p/moul/x/storagecost/v0"
source = { dir = "p/moul/x/storagecost" }

[[module]]
module = "gno.land/p/moul/x/vm/bf/v0"
source = { dir = "p/moul/x/vm/bf" }

[[module]]
module = "gno.land/p/moul/x/vm/vmkit/v0"
source = { dir = "p/moul/x/vm/vmkit" }

[[module]]
module = "gno.land/p/moul/x/wesh/v0"
source = { dir = "p/moul/x/wesh" }

[[module]]
module = "gno.land/p/moul/x/wiki/v0"
source = { dir = "p/moul/x/wiki" }

[[module]]
module = "gno.land/p/moul/xdao/v0"
source = { dir = "p/moul/xdao" }

[[module]]
module = "gno.land/p/moul/xmath/v0"
source = { dir = "p/moul/xmath" }

[[module]]
module = "gno.land/r/moul/config/v0"
source = { commit = "bd1ff5de0053958282ac81f08ed8bfcb2081982c", dir = "r/moul/config" }
hash = "h1:3f7yxl/XvHWA/hpCW64nDPHNdh0GhWhn0OAn4WqyktE="

[[module]]
module = "gno.land/r/moul/config/v1"
source = { dir = "r/moul/config" }

[[module]]
module = "gno.land/r/moul/demo/args/v0"
source = { dir = "r/moul/demo/args" }

[[module]]
module = "gno.land/r/moul/demo/data/v0"
source = { dir = "r/moul/demo/data" }

[[module]]
module = "gno.land/r/moul/demo/gnoface/v0"
source = { dir = "r/moul/demo/gnoface" }

[[module]]
module = "gno.land/r/moul/demo/grc20/v0"
source = { dir = "r/moul/demo/grc20" }

[[module]]
module = "gno.land/r/moul/demo/hello/v0"
source = { dir = "r/moul/demo/hello" }

[[module]]
module = "gno.land/r/moul/demo/importdemo/v0"
source = { dir = "r/moul/demo/importdemo" }

[[module]]
module = "gno.land/r/moul/demo/microposts/v0"
source = { dir = "r/moul/demo/microposts" }

[[module]]
module = "gno.land/r/moul/demo/millipede/v0"
source = { dir = "r/moul/demo/millipede" }

[[module]]
module = "gno.land/r/moul/demo/render/v0"
source = { dir = "r/moul/demo/render" }

[[module]]
module = "gno.land/r/moul/demo/vault/v0"
source = { dir = "r/moul/demo/vault" }

[[module]]
module = "gno.land/r/moul/demo/wikicoin/v0"
source = { dir = "r/moul/demo/wikicoin" }

[[module]]
module = "gno.land/r/moul/faucet/v0"
source = { dir = "r/moul/faucet" }

[[module]]
module = "gno.land/r/moul/forge/v0"
source = { dir = "r/moul/forge" }

[[module]]
module = "gno.land/r/moul/gns/v0"
source = { dir = "r/moul/gns" }

[[module]]
module = "gno.land/r/moul/grant/v0"
source = { dir = "r/moul/grant" }

[[module]]
module = "gno.land/r/moul/hello/v0"
source = { dir = "r/moul/hello" }

[[module]]
module = "gno.land/r/moul/home"
source = { dir = "r/moul/home" }

[[module]]
module = "gno.land/r/moul/home/v0"
source = { commit = "4f2df83869b80470eb81c48a82fdbe82256b8113", dir = "r/moul/home" }
hash = "h1:b/9gcLANRaR35M4PjRP0jBI9K8CGs2yRwmMEhU+rdQQ="

[[module]]
module = "gno.land/r/moul/outfmt/v0"
source = { dir = "r/moul/outfmt" }

[[module]]
module = "gno.land/r/moul/present/v0"
source = { dir = "r/moul/present" }

[[module]]
module = "gno.land/r/moul/sapin/v0"
source = { dir = "r/moul/sapin" }

[[module]]
module = "gno.land/r/moul/x/amm/v0"
source = { dir = "r/moul/x/amm" }

[[module]]
module = "gno.land/r/moul/x/daily/asciiart/v0"
source = { commit = "4f2df83869b80470eb81c48a82fdbe82256b8113", dir = "r/moul/x/daily/asciiart" }
hash = "h1:p+Z37biqtOpHWR9va0M2Ymb/e5sYZGd3/W4E3t9lJHQ="

[[module]]
module = "gno.land/r/moul/x/daily/asciiart/v1"
source = { dir = "r/moul/x/daily/asciiart" }

[[module]]
module = "gno.land/r/moul/x/daily/b58demo/v0"
source = { dir = "r/moul/x/daily/b58demo" }

[[module]]
module = "gno.land/r/moul/x/daily/ballot/v0"
source = { dir = "r/moul/x/daily/ballot" }

[[module]]
module = "gno.land/r/moul/x/daily/base32demo/v0"
source = { dir = "r/moul/x/daily/base32demo" }

[[module]]
module = "gno.land/r/moul/x/daily/bidimapdemo/v0"
source = { dir = "r/moul/x/daily/bidimapdemo" }

[[module]]
module = "gno.land/r/moul/x/daily/bitsetdemo/v0"
source = { dir = "r/moul/x/daily/bitsetdemo" }

[[module]]
module = "gno.land/r/moul/x/daily/blog/v0"
source = { commit = "4f2df83869b80470eb81c48a82fdbe82256b8113", dir = "r/moul/x/daily/blog" }
hash = "h1:p5G4czjYorrm9ghkiyLg6HPSjOb/K6L7LrB2mi6o3q8="

[[module]]
module = "gno.land/r/moul/x/daily/blog/v1"
source = { dir = "r/moul/x/daily/blog" }

[[module]]
module = "gno.land/r/moul/x/daily/bloomfilter/v0"
source = { dir = "r/moul/x/daily/bloomfilter" }

[[module]]
module = "gno.land/r/moul/x/daily/bullscows/v0"
source = { commit = "4f2df83869b80470eb81c48a82fdbe82256b8113", dir = "r/moul/x/daily/bullscows" }
hash = "h1:gUTfDwh0W5m1ObyfRGx2ibHSqP4yEnlZYTAOqggreJ8="

[[module]]
module = "gno.land/r/moul/x/daily/bullscows/v1"
source = { dir = "r/moul/x/daily/bullscows" }

[[module]]
module = "gno.land/r/moul/x/daily/calc/v0"
source = { dir = "r/moul/x/daily/calc" }

[[module]]
module = "gno.land/r/moul/x/daily/cliffvestingdemo/v0"
source = { dir = "r/moul/x/daily/cliffvestingdemo" }

[[module]]
module = "gno.land/r/moul/x/daily/closestguess/v0"
source = { commit = "4f2df83869b80470eb81c48a82fdbe82256b8113", dir = "r/moul/x/daily/closestguess" }
hash = "h1:ODLBA9hbN4rnJchc/k8Ix6GbKdM0qK4Bi1yELU+edcE="

[[module]]
module = "gno.land/r/moul/x/daily/closestguess/v1"
source = { dir = "r/moul/x/daily/closestguess" }

[[module]]
module = "gno.land/r/moul/x/daily/coinflipduel/v0"
source = { commit = "4f2df83869b80470eb81c48a82fdbe82256b8113", dir = "r/moul/x/daily/coinflipduel" }
hash = "h1:xdv+E3MWsxH27s35DWql0crS52kGkjdeje6gqU0UBkc="

[[module]]
module = "gno.land/r/moul/x/daily/coinflipduel/v1"
source = { dir = "r/moul/x/daily/coinflipduel" }

[[module]]
module = "gno.land/r/moul/x/daily/collatz/v0"
source = { dir = "r/moul/x/daily/collatz" }

[[module]]
module = "gno.land/r/moul/x/daily/commitrevealdemo/v0"
source = { commit = "4f2df83869b80470eb81c48a82fdbe82256b8113", dir = "r/moul/x/daily/commitrevealdemo" }
hash = "h1:lIdx25td/eOrVlNkZBpfj/Aty5I0KgOPM5sv8I11j1I="

[[module]]
module = "gno.land/r/moul/x/daily/commitrevealdemo/v1"
source = { dir = "r/moul/x/daily/commitrevealdemo" }

[[module]]
module = "gno.land/r/moul/x/daily/connect4/v0"
source = { commit = "4f2df83869b80470eb81c48a82fdbe82256b8113", dir = "r/moul/x/daily/connect4" }
hash = "h1:sc7U6FbWcoThccOIlXQSEyp3/SK+k9DkjIkWa+8Ni44="

[[module]]
module = "gno.land/r/moul/x/daily/connect4/v1"
source = { dir = "r/moul/x/daily/connect4" }

[[module]]
module = "gno.land/r/moul/x/daily/counter/v0"
source = { dir = "r/moul/x/daily/counter" }

[[module]]
module = "gno.land/r/moul/x/daily/countminsketchdemo/v0"
source = { dir = "r/moul/x/daily/countminsketchdemo" }

[[module]]
module = "gno.land/r/moul/x/daily/cowsaydemo/v0"
source = { dir = "r/moul/x/daily/cowsaydemo" }

[[module]]
module = "gno.land/r/moul/x/daily/crc32demo/v0"
source = { dir = "r/moul/x/daily/crc32demo" }

[[module]]
module = "gno.land/r/moul/x/daily/crowdfund/v0"
source = { commit = "4f2df83869b80470eb81c48a82fdbe82256b8113", dir = "r/moul/x/daily/crowdfund" }
hash = "h1:KmmYjX9pSYG+E4khfxclXUrJg6uEu5w8VVQiif7ZMXc="

[[module]]
module = "gno.land/r/moul/x/daily/crowdfund/v1"
source = { dir = "r/moul/x/daily/crowdfund" }

[[module]]
module = "gno.land/r/moul/x/daily/dice/v0"
source = { dir = "r/moul/x/daily/dice" }

[[module]]
module = "gno.land/r/moul/x/daily/disjointsetdemo/v0"
source = { dir = "r/moul/x/daily/disjointsetdemo" }

[[module]]
module = "gno.land/r/moul/x/daily/dutchauction/v0"
source = { dir = "r/moul/x/daily/dutchauction" }

[[module]]
module = "gno.land/r/moul/x/daily/eggling/v0"
source = { commit = "4f2df83869b80470eb81c48a82fdbe82256b8113", dir = "r/moul/x/daily/eggling" }
hash = "h1:GFbFdnaXjQdmcybUYoYDFi33Pz8gM+M+q4Eh3DLONwU="

[[module]]
module = "gno.land/r/moul/x/daily/eggling/v1"
source = { dir = "r/moul/x/daily/eggling" }

[[module]]
module = "gno.land/r/moul/x/daily/eightball/v0"
source = { commit = "4f2df83869b80470eb81c48a82fdbe82256b8113", dir = "r/moul/x/daily/eightball" }
hash = "h1:+7Gp+q9Jz0y8UIJSB4gYN7Isc+txLzOV80BhNm9HOP4="

[[module]]
module = "gno.land/r/moul/x/daily/eightball/v1"
source = { dir = "r/moul/x/daily/eightball" }

[[module]]
module = "gno.land/r/moul/x/daily/englishauction/v0"
source = { commit = "4f2df83869b80470eb81c48a82fdbe82256b8113", dir = "r/moul/x/daily/englishauction" }
hash = "h1:VhTsjw1NFvliuD98zHQ+N21mwh2s0gEnlRpTlnw+loU="

[[module]]
module = "gno.land/r/moul/x/daily/englishauction/v1"
source = { dir = "r/moul/x/daily/englishauction" }

[[module]]
module = "gno.land/r/moul/x/daily/erc1155/v0"
source = { dir = "r/moul/x/daily/erc1155" }

[[module]]
module = "gno.land/r/moul/x/daily/erc20/v0"
source = { dir = "r/moul/x/daily/erc20" }

[[module]]
module = "gno.land/r/moul/x/daily/erc721/v0"
source = { commit = "4f2df83869b80470eb81c48a82fdbe82256b8113", dir = "r/moul/x/daily/erc721" }
hash = "h1:IKlCRpKXxHESWIm883/gojYY23GI+XRMj9Mm7RejzTY="

[[module]]
module = "gno.land/r/moul/x/daily/erc721/v1"
source = { dir = "r/moul/x/daily/erc721" }

[[module]]
module = "gno.land/r/moul/x/daily/escrow/v0"
source = { commit = "4f2df83869b80470eb81c48a82fdbe82256b8113", dir = "r/moul/x/daily/escrow" }
hash = "h1:CWt7iWRnfyqwMMhCpFEWUkEYES19T5cSavkMQM3v15Y="

[[module]]
module = "gno.land/r/moul/x/daily/escrow/v1"
source = { dir = "r/moul/x/daily/escrow" }

[[module]]
module = "gno.land/r/moul/x/daily/faucet/v0"
source = { dir = "r/moul/x/daily/faucet" }

[[module]]
module = "gno.land/r/moul/x/daily/flatmapdemo/v0"
source = { dir = "r/moul/x/daily/flatmapdemo" }

[[module]]
module = "gno.land/r/moul/x/daily/fractiondemo/v0"
source = { dir = "r/moul/x/daily/fractiondemo" }

[[module]]
module = "gno.land/r/moul/x/daily/governor/v0"
source = { commit = "4f2df83869b80470eb81c48a82fdbe82256b8113", dir = "r/moul/x/daily/governor" }
hash = "h1:hL2++S9u3em3bso1IciaCFIlrJt40A5bvyAR1G5IcpU="

[[module]]
module = "gno.land/r/moul/x/daily/governor/v1"
source = { dir = "r/moul/x/daily/governor" }

[[module]]
module = "gno.land/r/moul/x/daily/guestbook/v0"
source = { commit = "4f2df83869b80470eb81c48a82fdbe82256b8113", dir = "r/moul/x/daily/guestbook" }
hash = "h1:UdwCW0cZNYhzzTRw83TkhIksKMplxUwJtYHp1R/KQEE="

[[module]]
module = "gno.land/r/moul/x/daily/guestbook/v1"
source = { dir = "r/moul/x/daily/guestbook" }

[[module]]
module = "gno.land/r/moul/x/daily/handles/v0"
source = { commit = "4f2df83869b80470eb81c48a82fdbe82256b8113", dir = "r/moul/x/daily/handles" }
hash = "h1:k2G+js9ib/1Tqbubp8WnPAzbUAQNdGb28XXdY7hZDHQ="

[[module]]
module = "gno.land/r/moul/x/daily/handles/v1"
source = { dir = "r/moul/x/daily/handles" }

[[module]]
module = "gno.land/r/moul/x/daily/hangman/v0"
source = { dir = "r/moul/x/daily/hangman" }

[[module]]
module = "gno.land/r/moul/x/daily/heapdemo/v0"
source = { dir = "r/moul/x/daily/heapdemo" }

[[module]]
module = "gno.land/r/moul/x/daily/hexdumpdemo/v0"
source = { dir = "r/moul/x/daily/hexdumpdemo" }

[[module]]
module = "gno.land/r/moul/x/daily/humanizedemo/v0"
source = { dir = "r/moul/x/daily/humanizedemo" }

[[module]]
module = "gno.land/r/moul/x/daily/kingofdice/v0"
source = { commit = "4f2df83869b80470eb81c48a82fdbe82256b8113", dir = "r/moul/x/daily/kingofdice" }
hash = "h1:WwHsAjbYxaTM22NYMSUYO5eJOA01pEcdakneXWQEqyg="

[[module]]
module = "gno.land/r/moul/x/daily/kingofdice/v1"
source = { dir = "r/moul/x/daily/kingofdice" }

[[module]]
module = "gno.land/r/moul/x/daily/kmpdemo/v0"
source = { dir = "r/moul/x/daily/kmpdemo" }

[[module]]
module = "gno.land/r/moul/x/daily/kudos/v0"
source = { dir = "r/moul/x/daily/kudos" }

[[module]]
module = "gno.land/r/moul/x/daily/leaderboard/v0"
source = { commit = "4f2df83869b80470eb81c48a82fdbe82256b8113", dir = "r/moul/x/daily/leaderboard" }
hash = "h1:NGbJiiczzEN4Jq2I0NMRjemf42xrhVVThxOTCanTMTA="

[[module]]
module = "gno.land/r/moul/x/daily/leaderboard/v1"
source = { dir = "r/moul/x/daily/leaderboard" }

[[module]]
module = "gno.land/r/moul/x/daily/levenshteindemo/v0"
source = { dir = "r/moul/x/daily/levenshteindemo" }

[[module]]
module = "gno.land/r/moul/x/daily/life/v0"
source = { dir = "r/moul/x/daily/life" }

[[module]]
module = "gno.land/r/moul/x/daily/linktree/v0"
source = { dir = "r/moul/x/daily/linktree" }

[[module]]
module = "gno.land/r/moul/x/daily/lottery/v0"
source = { dir = "r/moul/x/daily/lottery" }

[[module]]
module = "gno.land/r/moul/x/daily/lru/v0"
source = { dir = "r/moul/x/daily/lru" }

[[module]]
module = "gno.land/r/moul/x/daily/luhndemo/v0"
source = { dir = "r/moul/x/daily/luhndemo" }

[[module]]
module = "gno.land/r/moul/x/daily/markovdemo/v0"
source = { dir = "r/moul/x/daily/markovdemo" }

[[module]]
module = "gno.land/r/moul/x/daily/memory/v0"
source = { dir = "r/moul/x/daily/memory" }

[[module]]
module = "gno.land/r/moul/x/daily/merkledrop/v0"
source = { dir = "r/moul/x/daily/merkledrop" }

[[module]]
module = "gno.land/r/moul/x/daily/microblog/v0"
source = { commit = "4f2df83869b80470eb81c48a82fdbe82256b8113", dir = "r/moul/x/daily/microblog" }
hash = "h1:/w/EyEky59uzzF3Jb83vPNiVRPwXSnlAHtSwSBevzlc="

[[module]]
module = "gno.land/r/moul/x/daily/microblog/v1"
source = { dir = "r/moul/x/daily/microblog" }

[[module]]
module = "gno.land/r/moul/x/daily/moodstone/v0"
source = { commit = "4f2df83869b80470eb81c48a82fdbe82256b8113", dir = "r/moul/x/daily/moodstone" }
hash = "h1:jslLbOcuLtUPEt2hEDAfpLB2ygWQX7/uTx7ZRHsByNU="

[[module]]
module = "gno.land/r/moul/x/daily/moodstone/v1"
source = { dir = "r/moul/x/daily/moodstone" }

[[module]]
module = "gno.land/r/moul/x/daily/multisetdemo/v0"
source = { dir = "r/moul/x/daily/multisetdemo" }

[[module]]
module = "gno.land/r/moul/x/daily/multisig/v0"
source = { dir = "r/moul/x/daily/multisig" }

[[module]]
module = "gno.land/r/moul/x/daily/numguess/v0"
source = { dir = "r/moul/x/daily/numguess" }

[[module]]
module = "gno.land/r/moul/x/daily/orderedmapdemo/v0"
source = { dir = "r/moul/x/daily/orderedmapdemo" }

[[module]]
module = "gno.land/r/moul/x/daily/piglatindemo/v0"
source = { dir = "r/moul/x/daily/piglatindemo" }

[[module]]
module = "gno.land/r/moul/x/daily/pixelcanvas/v0"
source = { dir = "r/moul/x/daily/pixelcanvas" }

[[module]]
module = "gno.land/r/moul/x/daily/polls/v0"
source = { dir = "r/moul/x/daily/polls" }

[[module]]
module = "gno.land/r/moul/x/daily/pullpaymentdemo/v0"
source = { dir = "r/moul/x/daily/pullpaymentdemo" }

[[module]]
module = "gno.land/r/moul/x/daily/quizstreak/v0"
source = { dir = "r/moul/x/daily/quizstreak" }

[[module]]
module = "gno.land/r/moul/x/daily/quotes/v0"
source = { dir = "r/moul/x/daily/quotes" }

[[module]]
module = "gno.land/r/moul/x/daily/qvote/v0"
source = { commit = "4f2df83869b80470eb81c48a82fdbe82256b8113", dir = "r/moul/x/daily/qvote" }
hash = "h1:vn6k+vCEkxoQLrgFkrePNWcxQ59x++uxQsaXdF53Gbk="

[[module]]
module = "gno.land/r/moul/x/daily/qvote/v1"
source = { dir = "r/moul/x/daily/qvote" }

[[module]]
module = "gno.land/r/moul/x/daily/ratelimitdemo/v0"
source = { dir = "r/moul/x/daily/ratelimitdemo" }

[[module]]
module = "gno.land/r/moul/x/daily/reactions/v0"
source = { dir = "r/moul/x/daily/reactions" }

[[module]]
module = "gno.land/r/moul/x/daily/ringbufferdemo/v0"
source = { dir = "r/moul/x/daily/ringbufferdemo" }

[[module]]
module = "gno.land/r/moul/x/daily/ringlog/v0"
source = { dir = "r/moul/x/daily/ringlog" }

[[module]]
module = "gno.land/r/moul/x/daily/rledemo/v0"
source = { dir = "r/moul/x/daily/rledemo" }

[[module]]
module = "gno.land/r/moul/x/daily/romannumdemo/v0"
source = { dir = "r/moul/x/daily/romannumdemo" }

[[module]]
module = "gno.land/r/moul/x/daily/rot13demo/v0"
source = { dir = "r/moul/x/daily/rot13demo" }

[[module]]
module = "gno.land/r/moul/x/daily/rpgroom/v0"
source = { dir = "r/moul/x/daily/rpgroom" }

[[module]]
module = "gno.land/r/moul/x/daily/rps/v0"
source = { commit = "4f2df83869b80470eb81c48a82fdbe82256b8113", dir = "r/moul/x/daily/rps" }
hash = "h1:xKLUKnPna8gWWJRlAzwcrwdZWERFty2xLXTKJ/DaCmA="

[[module]]
module = "gno.land/r/moul/x/daily/rps/v1"
source = { dir = "r/moul/x/daily/rps" }

[[module]]
module = "gno.land/r/moul/x/daily/rpsduel/v0"
source = { commit = "4f2df83869b80470eb81c48a82fdbe82256b8113", dir = "r/moul/x/daily/rpsduel" }
hash = "h1:1JIzPSgvI+ZD+TWwpjU7+Vz8VyM5oLAvDRpNjQO8qp8="

[[module]]
module = "gno.land/r/moul/x/daily/rpsduel/v1"
source = { dir = "r/moul/x/daily/rpsduel" }

[[module]]
module = "gno.land/r/moul/x/daily/rpsmatch/v0"
source = { commit = "4f2df83869b80470eb81c48a82fdbe82256b8113", dir = "r/moul/x/daily/rpsmatch" }
hash = "h1:TIZLlWi5dvzUubXkCzauB+tWF3ANs/G9FjhjTVdDPZ0="

[[module]]
module = "gno.land/r/moul/x/daily/rpsmatch/v1"
source = { dir = "r/moul/x/daily/rpsmatch" }

[[module]]
module = "gno.land/r/moul/x/daily/rpsoracle/v0"
source = { commit = "4f2df83869b80470eb81c48a82fdbe82256b8113", dir = "r/moul/x/daily/rpsoracle" }
hash = "h1:zfX3wl2WaXqpJry6X2FZkPrVi++2GFQOXFaCvDuWzd8="

[[module]]
module = "gno.land/r/moul/x/daily/rpsoracle/v1"
source = { dir = "r/moul/x/daily/rpsoracle" }

[[module]]
module = "gno.land/r/moul/x/daily/semverdemo/v0"
source = { dir = "r/moul/x/daily/semverdemo" }

[[module]]
module = "gno.land/r/moul/x/daily/sievedemo/v0"
source = { dir = "r/moul/x/daily/sievedemo" }

[[module]]
module = "gno.land/r/moul/x/daily/soundexdemo/v0"
source = { dir = "r/moul/x/daily/soundexdemo" }

[[module]]
module = "gno.land/r/moul/x/daily/sparklinedemo/v0"
source = { dir = "r/moul/x/daily/sparklinedemo" }

[[module]]
module = "gno.land/r/moul/x/daily/splitter/v0"
source = { commit = "4f2df83869b80470eb81c48a82fdbe82256b8113", dir = "r/moul/x/daily/splitter" }
hash = "h1:27Xi62VeMVOInM9ynVMreiWYInOioTEuIEaz+b0SQxA="

[[module]]
module = "gno.land/r/moul/x/daily/splitter/v1"
source = { dir = "r/moul/x/daily/splitter" }

[[module]]
module = "gno.land/r/moul/x/daily/stack/v0"
source = { dir = "r/moul/x/daily/stack" }

[[module]]
module = "gno.land/r/moul/x/daily/staking/v0"
source = { dir = "r/moul/x/daily/staking" }

[[module]]
module = "gno.land/r/moul/x/daily/streak/v0"
source = { dir = "r/moul/x/daily/streak" }

[[module]]
module = "gno.land/r/moul/x/daily/streaks/v0"
source = { commit = "4f2df83869b80470eb81c48a82fdbe82256b8113", dir = "r/moul/x/daily/streaks" }
hash = "h1:b4LL+1NiDEn/SssSDZYGMBiuN2Vn5ZuMExwp5PI0y2k="

[[module]]
module = "gno.land/r/moul/x/daily/streaks/v1"
source = { dir = "r/moul/x/daily/streaks" }

[[module]]
module = "gno.land/r/moul/x/daily/tamagotchi/v0"
source = { commit = "4f2df83869b80470eb81c48a82fdbe82256b8113", dir = "r/moul/x/daily/tamagotchi" }
hash = "h1:6EbGvnkw6YbFeLWPZRLdJHey1VWUx9Jv0PXD31FL/tg="

[[module]]
module = "gno.land/r/moul/x/daily/tamagotchi/v1"
source = { dir = "r/moul/x/daily/tamagotchi" }

[[module]]
module = "gno.land/r/moul/x/daily/tictactoe/v0"
source = { commit = "4f2df83869b80470eb81c48a82fdbe82256b8113", dir = "r/moul/x/daily/tictactoe" }
hash = "h1:J9NnS3mny3zOMV8RiBaiykdOH+E8uANLSGkqFcQZPvw="

[[module]]
module = "gno.land/r/moul/x/daily/tictactoe/v1"
source = { dir = "r/moul/x/daily/tictactoe" }

[[module]]
module = "gno.land/r/moul/x/daily/timecapsule/v0"
source = { commit = "4f2df83869b80470eb81c48a82fdbe82256b8113", dir = "r/moul/x/daily/timecapsule" }
hash = "h1:XDX8EZHllnrYSX9Dwdi3+QrRYzhhQ8bVmhU/aMhN3ZE="

[[module]]
module = "gno.land/r/moul/x/daily/timecapsule/v1"
source = { dir = "r/moul/x/daily/timecapsule" }

[[module]]
module = "gno.land/r/moul/x/daily/timelock/v0"
source = { dir = "r/moul/x/daily/timelock" }

[[module]]
module = "gno.land/r/moul/x/daily/tipjar/v0"
source = { commit = "4f2df83869b80470eb81c48a82fdbe82256b8113", dir = "r/moul/x/daily/tipjar" }
hash = "h1:0tRMfR7qvlKOfFiFk8pDwbl1TSXeAdtwthk2YSBo3Js="

[[module]]
module = "gno.land/r/moul/x/daily/tipjar/v1"
source = { dir = "r/moul/x/daily/tipjar" }

[[module]]
module = "gno.land/r/moul/x/daily/todos/v0"
source = { commit = "4f2df83869b80470eb81c48a82fdbe82256b8113", dir = "r/moul/x/daily/todos" }
hash = "h1:54voOdkE80mn3XSXjsKQC6r/uqAh5K/HEAupLHUXMAM="

[[module]]
module = "gno.land/r/moul/x/daily/todos/v1"
source = { dir = "r/moul/x/daily/todos" }

[[module]]
module = "gno.land/r/moul/x/daily/toposortdemo/v0"
source = { dir = "r/moul/x/daily/toposortdemo" }

[[module]]
module = "gno.land/r/moul/x/daily/triedemo/v0"
source = { dir = "r/moul/x/daily/triedemo" }

[[module]]
module = "gno.land/r/moul/x/daily/trivia/v0"
source = { dir = "r/moul/x/daily/trivia" }

[[module]]
module = "gno.land/r/moul/x/daily/urlshort/v0"
source = { commit = "4f2df83869b80470eb81c48a82fdbe82256b8113", dir = "r/moul/x/daily/urlshort" }
hash = "h1:n1EVjNkfUn7SraWxwRZraPfrJ2JmYDK6KbmB6aOciYo="

[[module]]
module = "gno.land/r/moul/x/daily/urlshort/v1"
source = { dir = "r/moul/x/daily/urlshort" }

[[module]]
module = "gno.land/r/moul/x/daily/vault/v0"
source = { dir = "r/moul/x/daily/vault" }

[[module]]
module = "gno.land/r/moul/x/daily/vestoken/v0"
source = { dir = "r/moul/x/daily/vestoken" }

[[module]]
module = "gno.land/r/moul/x/daily/wordle/v0"
source = { dir = "r/moul/x/daily/wordle" }

[[module]]
module = "gno.land/r/moul/x/daily/wrapped/v0"
source = { dir = "r/moul/x/daily/wrapped" }

[[module]]
module = "gno.land/r/moul/x/framelab/probe/v0"
source = { dir = "r/moul/x/framelab/probe" }

[[module]]
module = "gno.land/r/moul/x/games/lastwords/v0"
source = { dir = "r/moul/x/games/lastwords" }

[[module]]
module = "gno.land/r/moul/x/grc20faucet/v0"
source = { dir = "r/moul/x/grc20faucet" }

[[module]]
module = "gno.land/r/moul/x/grc20wrapdemo/v0"
source = { dir = "r/moul/x/grc20wrapdemo" }

[[module]]
module = "gno.land/r/moul/x/pairreg/v0"
source = { dir = "r/moul/x/pairreg" }

[[module]]
module = "gno.land/r/moul/x/pairs/aaa/v0"
source = { dir = "r/moul/x/pairs/aaa" }

[[module]]
module = "gno.land/r/moul/x/pairs/aaabbb/v0"
source = { dir = "r/moul/x/pairs/aaabbb" }

[[module]]
module = "gno.land/r/moul/x/pairs/bbb/v0"
source = { dir = "r/moul/x/pairs/bbb" }

[[module]]
module = "gno.land/r/moul/x/plan9/dev/v0"
source = { dir = "r/moul/x/plan9/dev" }

[[module]]
module = "gno.land/r/moul/x/plan9/ns/v0"
source = { dir = "r/moul/x/plan9/ns" }

[[module]]
module = "gno.land/r/moul/x/reaper/v0"
source = { commit = "72317f0ab9702651dfd50da24b9cc1599399e6a1", dir = "r/moul/x/reaper" }
hash = "h1:xg0zO8jrplmDs08h8bapn//8jlz1uOWZpvUyqXHt8Zk="

[[module]]
module = "gno.land/r/moul/x/reaper/v1"
source = { dir = "r/moul/x/reaper" }

[[module]]
module = "gno.land/r/moul/x/vm/bfdemo/v0"
source = { dir = "r/moul/x/vm/bfdemo" }

[[module]]
module = "gno.land/r/moul/x/wesh/v0"
source = { dir = "r/moul/x/wesh" }

[[module]]
module = "gno.land/r/moul/x/wiki/v0"
source = { dir = "r/moul/x/wiki" }
